// !$*UTF8*$!
{
	archiveVersion = 1;
	classes = {
	};
	objectVersion = 56;
	objects = {

/* Begin PBXBuildFile section */
		68D417C1195CE58ED14078E8 /* Pods_EDMSAETests.framework in Frameworks */ = {isa = PBXBuildFile; fileRef = 133D8F0F276568806567AB9E /* Pods_EDMSAETests.framework */; };
		718BD1A770490FE23745281E /* Pods_EDMSAE.framework in Frameworks */ = {isa = PBXBuildFile; fileRef = 891FDF121B770D63AF25ACDB /* Pods_EDMSAE.framework */; };
		A821CC262A2C57AF002B4D77 /* testData.swift in Sources */ = {isa = PBXBuildFile; fileRef = A821CC252A2C57AF002B4D77 /* testData.swift */; };
		A821CC282A2C57F3002B4D77 /* Express.swift in Sources */ = {isa = PBXBuildFile; fileRef = A821CC272A2C57F3002B4D77 /* Express.swift */; };
		A821CC2A2A2C587F002B4D77 /* EDUserExpressCell.swift in Sources */ = {isa = PBXBuildFile; fileRef = A821CC292A2C587F002B4D77 /* EDUserExpressCell.swift */; };
		A821CC2D2A2C59C2002B4D77 /* EDExpressDestinationView.swift in Sources */ = {isa = PBXBuildFile; fileRef = A821CC2C2A2C59C2002B4D77 /* EDExpressDestinationView.swift */; };
		A821CC2F2A2C59DA002B4D77 /* EDExpressInfoView.swift in Sources */ = {isa = PBXBuildFile; fileRef = A821CC2E2A2C59DA002B4D77 /* EDExpressInfoView.swift */; };
		A821CC362A2C5A12002B4D77 /* EDExpressDetailViewController.swift in Sources */ = {isa = PBXBuildFile; fileRef = A821CC352A2C5A12002B4D77 /* EDExpressDetailViewController.swift */; };
		A821CC392A2C5A54002B4D77 /* EDTraceView.swift in Sources */ = {isa = PBXBuildFile; fileRef = A821CC382A2C5A54002B4D77 /* EDTraceView.swift */; };
		A894E61B2A243C60001EC075 /* TabViewController.swift in Sources */ = {isa = PBXBuildFile; fileRef = A894E61A2A243C60001EC075 /* TabViewController.swift */; };
		A894E61D2A243C97001EC075 /* CommodityManagementViewController.swift in Sources */ = {isa = PBXBuildFile; fileRef = A894E61C2A243C97001EC075 /* CommodityManagementViewController.swift */; };
		A894E61F2A243CBA001EC075 /* EDCommodityEditingViewController.swift in Sources */ = {isa = PBXBuildFile; fileRef = A894E61E2A243CBA001EC075 /* EDCommodityEditingViewController.swift */; };
		A894E6212A243CDF001EC075 /* EDCommodityCell.swift in Sources */ = {isa = PBXBuildFile; fileRef = A894E6202A243CDF001EC075 /* EDCommodityCell.swift */; };
		A894E6232A243CFA001EC075 /* EDConfigSelectionView.swift in Sources */ = {isa = PBXBuildFile; fileRef = A894E6222A243CFA001EC075 /* EDConfigSelectionView.swift */; };
		A894E6252A243D18001EC075 /* ExpressManagementViewController.swift in Sources */ = {isa = PBXBuildFile; fileRef = A894E6242A243D18001EC075 /* ExpressManagementViewController.swift */; };
		A894E6272A243D43001EC075 /* EDUserOrderTableView.swift in Sources */ = {isa = PBXBuildFile; fileRef = A894E6262A243D43001EC075 /* EDUserOrderTableView.swift */; };
		A894E6292A243D67001EC075 /* EDUserOrderCell.swift in Sources */ = {isa = PBXBuildFile; fileRef = A894E6282A243D67001EC075 /* EDUserOrderCell.swift */; };
		A894E62B2A243D7A001EC075 /* CommodityState.swift in Sources */ = {isa = PBXBuildFile; fileRef = A894E62A2A243D7A001EC075 /* CommodityState.swift */; };
		A894E62D2A243D8A001EC075 /* OrderState.swift in Sources */ = {isa = PBXBuildFile; fileRef = A894E62C2A243D8A001EC075 /* OrderState.swift */; };
		A894E62F2A243DA7001EC075 /* Order.swift in Sources */ = {isa = PBXBuildFile; fileRef = A894E62E2A243DA7001EC075 /* Order.swift */; };
		A894E6312A243DBB001EC075 /* EDBillingView.swift in Sources */ = {isa = PBXBuildFile; fileRef = A894E6302A243DBB001EC075 /* EDBillingView.swift */; };
		A894E6332A243DD1001EC075 /* Address.swift in Sources */ = {isa = PBXBuildFile; fileRef = A894E6322A243DD1001EC075 /* Address.swift */; };
		A894E6352A243DE8001EC075 /* District.swift in Sources */ = {isa = PBXBuildFile; fileRef = A894E6342A243DE8001EC075 /* District.swift */; };
		A894E6372A243DF5001EC075 /* AddressLavel.swift in Sources */ = {isa = PBXBuildFile; fileRef = A894E6362A243DF5001EC075 /* AddressLavel.swift */; };
		A894E6392A243E0C001EC075 /* Bill.swift in Sources */ = {isa = PBXBuildFile; fileRef = A894E6382A243E0C001EC075 /* Bill.swift */; };
		A894E63B2A243E18001EC075 /* Payment.swift in Sources */ = {isa = PBXBuildFile; fileRef = A894E63A2A243E18001EC075 /* Payment.swift */; };
		A894E63D2A243E31001EC075 /* EDComBillingCell.swift in Sources */ = {isa = PBXBuildFile; fileRef = A894E63C2A243E31001EC075 /* EDComBillingCell.swift */; };
		A894E63F2A243E43001EC075 /* Commodity.swift in Sources */ = {isa = PBXBuildFile; fileRef = A894E63E2A243E43001EC075 /* Commodity.swift */; };
		A894E6412A243E56001EC075 /* Option.swift in Sources */ = {isa = PBXBuildFile; fileRef = A894E6402A243E56001EC075 /* Option.swift */; };
		A894E6432A243E67001EC075 /* ComCag.swift in Sources */ = {isa = PBXBuildFile; fileRef = A894E6422A243E67001EC075 /* ComCag.swift */; };
		A894E6452A243E74001EC075 /* Sex.swift in Sources */ = {isa = PBXBuildFile; fileRef = A894E6442A243E74001EC075 /* Sex.swift */; };
		A894E6472A243E92001EC075 /* EDBillTableViewController.swift in Sources */ = {isa = PBXBuildFile; fileRef = A894E6462A243E92001EC075 /* EDBillTableViewController.swift */; };
		A894E6492A243EA6001EC075 /* EDViewController.swift in Sources */ = {isa = PBXBuildFile; fileRef = A894E6482A243EA5001EC075 /* EDViewController.swift */; };
		A894E64B2A243EBF001EC075 /* User.swift in Sources */ = {isa = PBXBuildFile; fileRef = A894E64A2A243EBF001EC075 /* User.swift */; };
		A894E64D2A243EE5001EC075 /* EDUser.swift in Sources */ = {isa = PBXBuildFile; fileRef = A894E64C2A243EE5001EC075 /* EDUser.swift */; };
		A894E64F2A243EFD001EC075 /* EDNetWork.swift in Sources */ = {isa = PBXBuildFile; fileRef = A894E64E2A243EFD001EC075 /* EDNetWork.swift */; };
		A894E6512A243F2D001EC075 /* EDSignInViewController.swift in Sources */ = {isa = PBXBuildFile; fileRef = A894E6502A243F2D001EC075 /* EDSignInViewController.swift */; };
		A894E6532A243F52001EC075 /* TMSignUpViewController.swift in Sources */ = {isa = PBXBuildFile; fileRef = A894E6522A243F52001EC075 /* TMSignUpViewController.swift */; };
		A894E6552A243F5F001EC075 /* TMResetPasswordViewController.swift in Sources */ = {isa = PBXBuildFile; fileRef = A894E6542A243F5F001EC075 /* TMResetPasswordViewController.swift */; };
		A894E6572A243F8E001EC075 /* EDCommodityRequest.swift in Sources */ = {isa = PBXBuildFile; fileRef = A894E6562A243F8E001EC075 /* EDCommodityRequest.swift */; };
		A894E6592A243FA0001EC075 /* EDOrderRequest.swift in Sources */ = {isa = PBXBuildFile; fileRef = A894E6582A243FA0001EC075 /* EDOrderRequest.swift */; };
		A894E65B2A243FAF001EC075 /* TMSys.swift in Sources */ = {isa = PBXBuildFile; fileRef = A894E65A2A243FAF001EC075 /* TMSys.swift */; };
		A894E65D2A243FBD001EC075 /* TMPlayerRequest.swift in Sources */ = {isa = PBXBuildFile; fileRef = A894E65C2A243FBD001EC075 /* TMPlayerRequest.swift */; };
		A894E65F2A243FD1001EC075 /* TMUDKeys.swift in Sources */ = {isa = PBXBuildFile; fileRef = A894E65E2A243FD1001EC075 /* TMUDKeys.swift */; };
		A894E6612A243FE5001EC075 /* TMServerViewConfig.swift in Sources */ = {isa = PBXBuildFile; fileRef = A894E6602A243FE5001EC075 /* TMServerViewConfig.swift */; };
		A894E6632A244004001EC075 /* TMServerView.swift in Sources */ = {isa = PBXBuildFile; fileRef = A894E6622A244004001EC075 /* TMServerView.swift */; };
		A894E6652A244017001EC075 /* TMSIgnInBtn.swift in Sources */ = {isa = PBXBuildFile; fileRef = A894E6642A244017001EC075 /* TMSIgnInBtn.swift */; };
		A894E6672A244028001EC075 /* TMSelectionView.swift in Sources */ = {isa = PBXBuildFile; fileRef = A894E6662A244028001EC075 /* TMSelectionView.swift */; };
		A894E6692A24403F001EC075 /* TMTextField.swift in Sources */ = {isa = PBXBuildFile; fileRef = A894E6682A24403F001EC075 /* TMTextField.swift */; };
		A894E66B2A24404E001EC075 /* TMTextFieldConfig.swift in Sources */ = {isa = PBXBuildFile; fileRef = A894E66A2A24404E001EC075 /* TMTextFieldConfig.swift */; };
		A894E66D2A245674001EC075 /* StringExtension.swift in Sources */ = {isa = PBXBuildFile; fileRef = A894E66C2A245674001EC075 /* StringExtension.swift */; };
		A894E66F2A248AFC001EC075 /* EDComConfigTableView.swift in Sources */ = {isa = PBXBuildFile; fileRef = A894E66E2A248AFC001EC075 /* EDComConfigTableView.swift */; };
		A894E6712A248C3A001EC075 /* EDCommodityCofigTableViewController.swift in Sources */ = {isa = PBXBuildFile; fileRef = A894E6702A248C3A001EC075 /* EDCommodityCofigTableViewController.swift */; };
		A894E6742A249D84001EC075 /* EDComConfigEditingViewController.swift in Sources */ = {isa = PBXBuildFile; fileRef = A894E6732A249D84001EC075 /* EDComConfigEditingViewController.swift */; };
		A894E6762A24DB2C001EC075 /* TMDataConvert.swift in Sources */ = {isa = PBXBuildFile; fileRef = A894E6752A24DB2C001EC075 /* TMDataConvert.swift */; };
		A894E6782A259C12001EC075 /* EDOptionRequest.swift in Sources */ = {isa = PBXBuildFile; fileRef = A894E6772A259C12001EC075 /* EDOptionRequest.swift */; };
		A894E67A2A2608BB001EC075 /* ToastNotification.swift in Sources */ = {isa = PBXBuildFile; fileRef = A894E6792A2608BB001EC075 /* ToastNotification.swift */; };
		A89C6CCA2A074C0F00CC0ACA /* EDOrderDetailViewController.swift in Sources */ = {isa = PBXBuildFile; fileRef = A89C6CC92A074C0F00CC0ACA /* EDOrderDetailViewController.swift */; };
		A89C6CCC2A074CC800CC0ACA /* EDAddressCell.swift in Sources */ = {isa = PBXBuildFile; fileRef = A89C6CCB2A074CC800CC0ACA /* EDAddressCell.swift */; };
		A8FE981329FE5F8E00A1A2EF /* AppDelegate.swift in Sources */ = {isa = PBXBuildFile; fileRef = A8FE981229FE5F8E00A1A2EF /* AppDelegate.swift */; };
		A8FE981529FE5F8E00A1A2EF /* SceneDelegate.swift in Sources */ = {isa = PBXBuildFile; fileRef = A8FE981429FE5F8E00A1A2EF /* SceneDelegate.swift */; };
		A8FE981729FE5F8E00A1A2EF /* BillManagementViewController.swift in Sources */ = {isa = PBXBuildFile; fileRef = A8FE981629FE5F8E00A1A2EF /* BillManagementViewController.swift */; };
		A8FE981C29FE5F9000A1A2EF /* Assets.xcassets in Resources */ = {isa = PBXBuildFile; fileRef = A8FE981B29FE5F9000A1A2EF /* Assets.xcassets */; };
		A8FE982A29FE5F9000A1A2EF /* EDMSAETests.swift in Sources */ = {isa = PBXBuildFile; fileRef = A8FE982929FE5F9000A1A2EF /* EDMSAETests.swift */; };
		A8FE983429FE5F9000A1A2EF /* EDMSAEUITests.swift in Sources */ = {isa = PBXBuildFile; fileRef = A8FE983329FE5F9000A1A2EF /* EDMSAEUITests.swift */; };
		A8FE983629FE5F9000A1A2EF /* EDMSAEUITestsLaunchTests.swift in Sources */ = {isa = PBXBuildFile; fileRef = A8FE983529FE5F9000A1A2EF /* EDMSAEUITestsLaunchTests.swift */; };
		A8FE984329FE71FE00A1A2EF /* UIViewExtension.swift in Sources */ = {isa = PBXBuildFile; fileRef = A8FE984229FE71FE00A1A2EF /* UIViewExtension.swift */; };
		A8FEE77A2A07A5E2002BAA51 /* EDDeliViewController.swift in Sources */ = {isa = PBXBuildFile; fileRef = A8FEE7792A07A5E2002BAA51 /* EDDeliViewController.swift */; };
		A94E7EE1C4DA9A9658A10B60 /* Pods_EDMSAE_EDMSAEUITests.framework in Frameworks */ = {isa = PBXBuildFile; fileRef = 1789A3ED0FD802D7162F75A7 /* Pods_EDMSAE_EDMSAEUITests.framework */; };
/* End PBXBuildFile section */

/* Begin PBXContainerItemProxy section */
		A8FE982629FE5F9000A1A2EF /* PBXContainerItemProxy */ = {
			isa = PBXContainerItemProxy;
			containerPortal = A8FE980729FE5F8E00A1A2EF /* Project object */;
			proxyType = 1;
			remoteGlobalIDString = A8FE980E29FE5F8E00A1A2EF;
			remoteInfo = EDMSAE;
		};
		A8FE983029FE5F9000A1A2EF /* PBXContainerItemProxy */ = {
			isa = PBXContainerItemProxy;
			containerPortal = A8FE980729FE5F8E00A1A2EF /* Project object */;
			proxyType = 1;
			remoteGlobalIDString = A8FE980E29FE5F8E00A1A2EF;
			remoteInfo = EDMSAE;
		};
/* End PBXContainerItemProxy section */

/* Begin PBXFileReference section */
		01D77E1A18E0BB4C885D33E2 /* Pods-EDMSAE.debug.xcconfig */ = {isa = PBXFileReference; includeInIndex = 1; lastKnownFileType = text.xcconfig; name = "Pods-EDMSAE.debug.xcconfig"; path = "Target Support Files/Pods-EDMSAE/Pods-EDMSAE.debug.xcconfig"; sourceTree = "<group>"; };
		133D8F0F276568806567AB9E /* Pods_EDMSAETests.framework */ = {isa = PBXFileReference; explicitFileType = wrapper.framework; includeInIndex = 0; path = Pods_EDMSAETests.framework; sourceTree = BUILT_PRODUCTS_DIR; };
		1789A3ED0FD802D7162F75A7 /* Pods_EDMSAE_EDMSAEUITests.framework */ = {isa = PBXFileReference; explicitFileType = wrapper.framework; includeInIndex = 0; path = Pods_EDMSAE_EDMSAEUITests.framework; sourceTree = BUILT_PRODUCTS_DIR; };
		2548459CE42CCEFFD46813D8 /* Pods-EDMSAETests.debug.xcconfig */ = {isa = PBXFileReference; includeInIndex = 1; lastKnownFileType = text.xcconfig; name = "Pods-EDMSAETests.debug.xcconfig"; path = "Target Support Files/Pods-EDMSAETests/Pods-EDMSAETests.debug.xcconfig"; sourceTree = "<group>"; };
		39E5694E21ABFA842015DC25 /* Pods-EDMSAE-EDMSAEUITests.debug.xcconfig */ = {isa = PBXFileReference; includeInIndex = 1; lastKnownFileType = text.xcconfig; name = "Pods-EDMSAE-EDMSAEUITests.debug.xcconfig"; path = "Target Support Files/Pods-EDMSAE-EDMSAEUITests/Pods-EDMSAE-EDMSAEUITests.debug.xcconfig"; sourceTree = "<group>"; };
		8011A2EE44AF7EA8CDF5033D /* Pods-EDMSAE-EDMSAEUITests.release.xcconfig */ = {isa = PBXFileReference; includeInIndex = 1; lastKnownFileType = text.xcconfig; name = "Pods-EDMSAE-EDMSAEUITests.release.xcconfig"; path = "Target Support Files/Pods-EDMSAE-EDMSAEUITests/Pods-EDMSAE-EDMSAEUITests.release.xcconfig"; sourceTree = "<group>"; };
		891FDF121B770D63AF25ACDB /* Pods_EDMSAE.framework */ = {isa = PBXFileReference; explicitFileType = wrapper.framework; includeInIndex = 0; path = Pods_EDMSAE.framework; sourceTree = BUILT_PRODUCTS_DIR; };
		95626AE9371312CF28E73ADC /* Pods-EDMSAETests.release.xcconfig */ = {isa = PBXFileReference; includeInIndex = 1; lastKnownFileType = text.xcconfig; name = "Pods-EDMSAETests.release.xcconfig"; path = "Target Support Files/Pods-EDMSAETests/Pods-EDMSAETests.release.xcconfig"; sourceTree = "<group>"; };
		A446F3E32552187F8FE9A3E1 /* Pods-EDMSAE.release.xcconfig */ = {isa = PBXFileReference; includeInIndex = 1; lastKnownFileType = text.xcconfig; name = "Pods-EDMSAE.release.xcconfig"; path = "Target Support Files/Pods-EDMSAE/Pods-EDMSAE.release.xcconfig"; sourceTree = "<group>"; };
		A821CC252A2C57AF002B4D77 /* testData.swift */ = {isa = PBXFileReference; lastKnownFileType = sourcecode.swift; path = testData.swift; sourceTree = "<group>"; };
		A821CC272A2C57F3002B4D77 /* Express.swift */ = {isa = PBXFileReference; lastKnownFileType = sourcecode.swift; path = Express.swift; sourceTree = "<group>"; };
		A821CC292A2C587F002B4D77 /* EDUserExpressCell.swift */ = {isa = PBXFileReference; lastKnownFileType = sourcecode.swift; path = EDUserExpressCell.swift; sourceTree = "<group>"; };
		A821CC2C2A2C59C2002B4D77 /* EDExpressDestinationView.swift */ = {isa = PBXFileReference; lastKnownFileType = sourcecode.swift; path = EDExpressDestinationView.swift; sourceTree = "<group>"; };
		A821CC2E2A2C59DA002B4D77 /* EDExpressInfoView.swift */ = {isa = PBXFileReference; lastKnownFileType = sourcecode.swift; path = EDExpressInfoView.swift; sourceTree = "<group>"; };
		A821CC352A2C5A12002B4D77 /* EDExpressDetailViewController.swift */ = {isa = PBXFileReference; lastKnownFileType = sourcecode.swift; path = EDExpressDetailViewController.swift; sourceTree = "<group>"; };
		A821CC382A2C5A54002B4D77 /* EDTraceView.swift */ = {isa = PBXFileReference; lastKnownFileType = sourcecode.swift; path = EDTraceView.swift; sourceTree = "<group>"; };
		A894E61A2A243C60001EC075 /* TabViewController.swift */ = {isa = PBXFileReference; lastKnownFileType = sourcecode.swift; path = TabViewController.swift; sourceTree = "<group>"; };
		A894E61C2A243C97001EC075 /* CommodityManagementViewController.swift */ = {isa = PBXFileReference; lastKnownFileType = sourcecode.swift; path = CommodityManagementViewController.swift; sourceTree = "<group>"; };
		A894E61E2A243CBA001EC075 /* EDCommodityEditingViewController.swift */ = {isa = PBXFileReference; lastKnownFileType = sourcecode.swift; path = EDCommodityEditingViewController.swift; sourceTree = "<group>"; };
		A894E6202A243CDF001EC075 /* EDCommodityCell.swift */ = {isa = PBXFileReference; lastKnownFileType = sourcecode.swift; path = EDCommodityCell.swift; sourceTree = "<group>"; };
		A894E6222A243CFA001EC075 /* EDConfigSelectionView.swift */ = {isa = PBXFileReference; lastKnownFileType = sourcecode.swift; path = EDConfigSelectionView.swift; sourceTree = "<group>"; };
		A894E6242A243D18001EC075 /* ExpressManagementViewController.swift */ = {isa = PBXFileReference; lastKnownFileType = sourcecode.swift; path = ExpressManagementViewController.swift; sourceTree = "<group>"; };
		A894E6262A243D43001EC075 /* EDUserOrderTableView.swift */ = {isa = PBXFileReference; lastKnownFileType = sourcecode.swift; path = EDUserOrderTableView.swift; sourceTree = "<group>"; };
		A894E6282A243D67001EC075 /* EDUserOrderCell.swift */ = {isa = PBXFileReference; lastKnownFileType = sourcecode.swift; path = EDUserOrderCell.swift; sourceTree = "<group>"; };
		A894E62A2A243D7A001EC075 /* CommodityState.swift */ = {isa = PBXFileReference; lastKnownFileType = sourcecode.swift; path = CommodityState.swift; sourceTree = "<group>"; };
		A894E62C2A243D8A001EC075 /* OrderState.swift */ = {isa = PBXFileReference; lastKnownFileType = sourcecode.swift; path = OrderState.swift; sourceTree = "<group>"; };
		A894E62E2A243DA7001EC075 /* Order.swift */ = {isa = PBXFileReference; lastKnownFileType = sourcecode.swift; path = Order.swift; sourceTree = "<group>"; };
		A894E6302A243DBB001EC075 /* EDBillingView.swift */ = {isa = PBXFileReference; lastKnownFileType = sourcecode.swift; path = EDBillingView.swift; sourceTree = "<group>"; };
		A894E6322A243DD1001EC075 /* Address.swift */ = {isa = PBXFileReference; lastKnownFileType = sourcecode.swift; path = Address.swift; sourceTree = "<group>"; };
		A894E6342A243DE8001EC075 /* District.swift */ = {isa = PBXFileReference; lastKnownFileType = sourcecode.swift; path = District.swift; sourceTree = "<group>"; };
		A894E6362A243DF5001EC075 /* AddressLavel.swift */ = {isa = PBXFileReference; lastKnownFileType = sourcecode.swift; path = AddressLavel.swift; sourceTree = "<group>"; };
		A894E6382A243E0C001EC075 /* Bill.swift */ = {isa = PBXFileReference; lastKnownFileType = sourcecode.swift; path = Bill.swift; sourceTree = "<group>"; };
		A894E63A2A243E18001EC075 /* Payment.swift */ = {isa = PBXFileReference; lastKnownFileType = sourcecode.swift; path = Payment.swift; sourceTree = "<group>"; };
		A894E63C2A243E31001EC075 /* EDComBillingCell.swift */ = {isa = PBXFileReference; lastKnownFileType = sourcecode.swift; path = EDComBillingCell.swift; sourceTree = "<group>"; };
		A894E63E2A243E43001EC075 /* Commodity.swift */ = {isa = PBXFileReference; lastKnownFileType = sourcecode.swift; path = Commodity.swift; sourceTree = "<group>"; };
		A894E6402A243E56001EC075 /* Option.swift */ = {isa = PBXFileReference; lastKnownFileType = sourcecode.swift; path = Option.swift; sourceTree = "<group>"; };
		A894E6422A243E67001EC075 /* ComCag.swift */ = {isa = PBXFileReference; lastKnownFileType = sourcecode.swift; path = ComCag.swift; sourceTree = "<group>"; };
		A894E6442A243E74001EC075 /* Sex.swift */ = {isa = PBXFileReference; lastKnownFileType = sourcecode.swift; path = Sex.swift; sourceTree = "<group>"; };
		A894E6462A243E92001EC075 /* EDBillTableViewController.swift */ = {isa = PBXFileReference; lastKnownFileType = sourcecode.swift; path = EDBillTableViewController.swift; sourceTree = "<group>"; };
		A894E6482A243EA5001EC075 /* EDViewController.swift */ = {isa = PBXFileReference; lastKnownFileType = sourcecode.swift; path = EDViewController.swift; sourceTree = "<group>"; };
		A894E64A2A243EBF001EC075 /* User.swift */ = {isa = PBXFileReference; lastKnownFileType = sourcecode.swift; path = User.swift; sourceTree = "<group>"; };
		A894E64C2A243EE5001EC075 /* EDUser.swift */ = {isa = PBXFileReference; lastKnownFileType = sourcecode.swift; path = EDUser.swift; sourceTree = "<group>"; };
		A894E64E2A243EFD001EC075 /* EDNetWork.swift */ = {isa = PBXFileReference; lastKnownFileType = sourcecode.swift; path = EDNetWork.swift; sourceTree = "<group>"; };
		A894E6502A243F2D001EC075 /* EDSignInViewController.swift */ = {isa = PBXFileReference; lastKnownFileType = sourcecode.swift; path = EDSignInViewController.swift; sourceTree = "<group>"; };
		A894E6522A243F52001EC075 /* TMSignUpViewController.swift */ = {isa = PBXFileReference; lastKnownFileType = sourcecode.swift; path = TMSignUpViewController.swift; sourceTree = "<group>"; };
		A894E6542A243F5F001EC075 /* TMResetPasswordViewController.swift */ = {isa = PBXFileReference; lastKnownFileType = sourcecode.swift; path = TMResetPasswordViewController.swift; sourceTree = "<group>"; };
		A894E6562A243F8E001EC075 /* EDCommodityRequest.swift */ = {isa = PBXFileReference; lastKnownFileType = sourcecode.swift; path = EDCommodityRequest.swift; sourceTree = "<group>"; };
		A894E6582A243FA0001EC075 /* EDOrderRequest.swift */ = {isa = PBXFileReference; lastKnownFileType = sourcecode.swift; path = EDOrderRequest.swift; sourceTree = "<group>"; };
		A894E65A2A243FAF001EC075 /* TMSys.swift */ = {isa = PBXFileReference; lastKnownFileType = sourcecode.swift; path = TMSys.swift; sourceTree = "<group>"; };
		A894E65C2A243FBD001EC075 /* TMPlayerRequest.swift */ = {isa = PBXFileReference; lastKnownFileType = sourcecode.swift; path = TMPlayerRequest.swift; sourceTree = "<group>"; };
		A894E65E2A243FD1001EC075 /* TMUDKeys.swift */ = {isa = PBXFileReference; lastKnownFileType = sourcecode.swift; path = TMUDKeys.swift; sourceTree = "<group>"; };
		A894E6602A243FE5001EC075 /* TMServerViewConfig.swift */ = {isa = PBXFileReference; lastKnownFileType = sourcecode.swift; path = TMServerViewConfig.swift; sourceTree = "<group>"; };
		A894E6622A244004001EC075 /* TMServerView.swift */ = {isa = PBXFileReference; lastKnownFileType = sourcecode.swift; path = TMServerView.swift; sourceTree = "<group>"; };
		A894E6642A244017001EC075 /* TMSIgnInBtn.swift */ = {isa = PBXFileReference; lastKnownFileType = sourcecode.swift; path = TMSIgnInBtn.swift; sourceTree = "<group>"; };
		A894E6662A244028001EC075 /* TMSelectionView.swift */ = {isa = PBXFileReference; lastKnownFileType = sourcecode.swift; path = TMSelectionView.swift; sourceTree = "<group>"; };
		A894E6682A24403F001EC075 /* TMTextField.swift */ = {isa = PBXFileReference; lastKnownFileType = sourcecode.swift; path = TMTextField.swift; sourceTree = "<group>"; };
		A894E66A2A24404E001EC075 /* TMTextFieldConfig.swift */ = {isa = PBXFileReference; lastKnownFileType = sourcecode.swift; path = TMTextFieldConfig.swift; sourceTree = "<group>"; };
		A894E66C2A245674001EC075 /* StringExtension.swift */ = {isa = PBXFileReference; lastKnownFileType = sourcecode.swift; path = StringExtension.swift; sourceTree = "<group>"; };
		A894E66E2A248AFC001EC075 /* EDComConfigTableView.swift */ = {isa = PBXFileReference; lastKnownFileType = sourcecode.swift; path = EDComConfigTableView.swift; sourceTree = "<group>"; };
		A894E6702A248C3A001EC075 /* EDCommodityCofigTableViewController.swift */ = {isa = PBXFileReference; lastKnownFileType = sourcecode.swift; path = EDCommodityCofigTableViewController.swift; sourceTree = "<group>"; };
		A894E6732A249D84001EC075 /* EDComConfigEditingViewController.swift */ = {isa = PBXFileReference; lastKnownFileType = sourcecode.swift; path = EDComConfigEditingViewController.swift; sourceTree = "<group>"; };
		A894E6752A24DB2C001EC075 /* TMDataConvert.swift */ = {isa = PBXFileReference; lastKnownFileType = sourcecode.swift; path = TMDataConvert.swift; sourceTree = "<group>"; };
		A894E6772A259C12001EC075 /* EDOptionRequest.swift */ = {isa = PBXFileReference; lastKnownFileType = sourcecode.swift; path = EDOptionRequest.swift; sourceTree = "<group>"; };
		A894E6792A2608BB001EC075 /* ToastNotification.swift */ = {isa = PBXFileReference; lastKnownFileType = sourcecode.swift; path = ToastNotification.swift; sourceTree = "<group>"; };
		A89C6CC92A074C0F00CC0ACA /* EDOrderDetailViewController.swift */ = {isa = PBXFileReference; lastKnownFileType = sourcecode.swift; path = EDOrderDetailViewController.swift; sourceTree = "<group>"; };
		A89C6CCB2A074CC800CC0ACA /* EDAddressCell.swift */ = {isa = PBXFileReference; lastKnownFileType = sourcecode.swift; path = EDAddressCell.swift; sourceTree = "<group>"; };
		A8FE980F29FE5F8E00A1A2EF /* EDMSAE.app */ = {isa = PBXFileReference; explicitFileType = wrapper.application; includeInIndex = 0; path = EDMSAE.app; sourceTree = BUILT_PRODUCTS_DIR; };
		A8FE981229FE5F8E00A1A2EF /* AppDelegate.swift */ = {isa = PBXFileReference; lastKnownFileType = sourcecode.swift; path = AppDelegate.swift; sourceTree = "<group>"; };
		A8FE981429FE5F8E00A1A2EF /* SceneDelegate.swift */ = {isa = PBXFileReference; lastKnownFileType = sourcecode.swift; path = SceneDelegate.swift; sourceTree = "<group>"; };
		A8FE981629FE5F8E00A1A2EF /* BillManagementViewController.swift */ = {isa = PBXFileReference; lastKnownFileType = sourcecode.swift; path = BillManagementViewController.swift; sourceTree = "<group>"; };
		A8FE981B29FE5F9000A1A2EF /* Assets.xcassets */ = {isa = PBXFileReference; lastKnownFileType = folder.assetcatalog; path = Assets.xcassets; sourceTree = "<group>"; };
		A8FE982029FE5F9000A1A2EF /* Info.plist */ = {isa = PBXFileReference; lastKnownFileType = text.plist.xml; path = Info.plist; sourceTree = "<group>"; };
		A8FE982529FE5F9000A1A2EF /* EDMSAETests.xctest */ = {isa = PBXFileReference; explicitFileType = wrapper.cfbundle; includeInIndex = 0; path = EDMSAETests.xctest; sourceTree = BUILT_PRODUCTS_DIR; };
		A8FE982929FE5F9000A1A2EF /* EDMSAETests.swift */ = {isa = PBXFileReference; lastKnownFileType = sourcecode.swift; path = EDMSAETests.swift; sourceTree = "<group>"; };
		A8FE982F29FE5F9000A1A2EF /* EDMSAEUITests.xctest */ = {isa = PBXFileReference; explicitFileType = wrapper.cfbundle; includeInIndex = 0; path = EDMSAEUITests.xctest; sourceTree = BUILT_PRODUCTS_DIR; };
		A8FE983329FE5F9000A1A2EF /* EDMSAEUITests.swift */ = {isa = PBXFileReference; lastKnownFileType = sourcecode.swift; path = EDMSAEUITests.swift; sourceTree = "<group>"; };
		A8FE983529FE5F9000A1A2EF /* EDMSAEUITestsLaunchTests.swift */ = {isa = PBXFileReference; lastKnownFileType = sourcecode.swift; path = EDMSAEUITestsLaunchTests.swift; sourceTree = "<group>"; };
		A8FE984229FE71FE00A1A2EF /* UIViewExtension.swift */ = {isa = PBXFileReference; lastKnownFileType = sourcecode.swift; path = UIViewExtension.swift; sourceTree = "<group>"; };
		A8FEE7792A07A5E2002BAA51 /* EDDeliViewController.swift */ = {isa = PBXFileReference; lastKnownFileType = sourcecode.swift; path = EDDeliViewController.swift; sourceTree = "<group>"; };
/* End PBXFileReference section */

/* Begin PBXFrameworksBuildPhase section */
		A8FE980C29FE5F8E00A1A2EF /* Frameworks */ = {
			isa = PBXFrameworksBuildPhase;
			buildActionMask = 2147483647;
			files = (
				718BD1A770490FE23745281E /* Pods_EDMSAE.framework in Frameworks */,
			);
			runOnlyForDeploymentPostprocessing = 0;
		};
		A8FE982229FE5F9000A1A2EF /* Frameworks */ = {
			isa = PBXFrameworksBuildPhase;
			buildActionMask = 2147483647;
			files = (
				68D417C1195CE58ED14078E8 /* Pods_EDMSAETests.framework in Frameworks */,
			);
			runOnlyForDeploymentPostprocessing = 0;
		};
		A8FE982C29FE5F9000A1A2EF /* Frameworks */ = {
			isa = PBXFrameworksBuildPhase;
			buildActionMask = 2147483647;
			files = (
				A94E7EE1C4DA9A9658A10B60 /* Pods_EDMSAE_EDMSAEUITests.framework in Frameworks */,
			);
			runOnlyForDeploymentPostprocessing = 0;
		};
/* End PBXFrameworksBuildPhase section */

/* Begin PBXGroup section */
		680FC6AACCF6A725367A58EA /* Frameworks */ = {
			isa = PBXGroup;
			children = (
				891FDF121B770D63AF25ACDB /* Pods_EDMSAE.framework */,
				1789A3ED0FD802D7162F75A7 /* Pods_EDMSAE_EDMSAEUITests.framework */,
				133D8F0F276568806567AB9E /* Pods_EDMSAETests.framework */,
			);
			name = Frameworks;
			sourceTree = "<group>";
		};
		A8FE980629FE5F8E00A1A2EF = {
			isa = PBXGroup;
			children = (
				A8FE981129FE5F8E00A1A2EF /* EDMSAE */,
				A8FE982829FE5F9000A1A2EF /* EDMSAETests */,
				A8FE983229FE5F9000A1A2EF /* EDMSAEUITests */,
				A8FE981029FE5F8E00A1A2EF /* Products */,
				F2744DDF48892F8B7D53FF3A /* Pods */,
				680FC6AACCF6A725367A58EA /* Frameworks */,
			);
			sourceTree = "<group>";
		};
		A8FE981029FE5F8E00A1A2EF /* Products */ = {
			isa = PBXGroup;
			children = (
				A8FE980F29FE5F8E00A1A2EF /* EDMSAE.app */,
				A8FE982529FE5F9000A1A2EF /* EDMSAETests.xctest */,
				A8FE982F29FE5F9000A1A2EF /* EDMSAEUITests.xctest */,
			);
			name = Products;
			sourceTree = "<group>";
		};
		A8FE981129FE5F8E00A1A2EF /* EDMSAE */ = {
			isa = PBXGroup;
			children = (
				A8FE981229FE5F8E00A1A2EF /* AppDelegate.swift */,
				A8FE981429FE5F8E00A1A2EF /* SceneDelegate.swift */,
				A8FE981629FE5F8E00A1A2EF /* BillManagementViewController.swift */,
				A894E6682A24403F001EC075 /* TMTextField.swift */,
				A894E66A2A24404E001EC075 /* TMTextFieldConfig.swift */,
				A894E6662A244028001EC075 /* TMSelectionView.swift */,
				A894E6642A244017001EC075 /* TMSIgnInBtn.swift */,
				A894E6622A244004001EC075 /* TMServerView.swift */,
				A894E6602A243FE5001EC075 /* TMServerViewConfig.swift */,
				A894E65E2A243FD1001EC075 /* TMUDKeys.swift */,
				A894E65C2A243FBD001EC075 /* TMPlayerRequest.swift */,
				A894E65A2A243FAF001EC075 /* TMSys.swift */,
				A894E6582A243FA0001EC075 /* EDOrderRequest.swift */,
				A894E6562A243F8E001EC075 /* EDCommodityRequest.swift */,
				A894E6772A259C12001EC075 /* EDOptionRequest.swift */,
				A894E6542A243F5F001EC075 /* TMResetPasswordViewController.swift */,
				A894E6522A243F52001EC075 /* TMSignUpViewController.swift */,
				A894E6502A243F2D001EC075 /* EDSignInViewController.swift */,
				A894E64E2A243EFD001EC075 /* EDNetWork.swift */,
				A894E64C2A243EE5001EC075 /* EDUser.swift */,
				A894E64A2A243EBF001EC075 /* User.swift */,
				A894E6482A243EA5001EC075 /* EDViewController.swift */,
				A894E6462A243E92001EC075 /* EDBillTableViewController.swift */,
				A894E6702A248C3A001EC075 /* EDCommodityCofigTableViewController.swift */,
				A894E6442A243E74001EC075 /* Sex.swift */,
				A894E6422A243E67001EC075 /* ComCag.swift */,
				A894E6402A243E56001EC075 /* Option.swift */,
				A894E63E2A243E43001EC075 /* Commodity.swift */,
				A894E63C2A243E31001EC075 /* EDComBillingCell.swift */,
				A894E63A2A243E18001EC075 /* Payment.swift */,
				A894E6382A243E0C001EC075 /* Bill.swift */,
				A894E6362A243DF5001EC075 /* AddressLavel.swift */,
				A894E6342A243DE8001EC075 /* District.swift */,
				A894E6322A243DD1001EC075 /* Address.swift */,
				A894E6302A243DBB001EC075 /* EDBillingView.swift */,
				A894E62E2A243DA7001EC075 /* Order.swift */,
				A894E62C2A243D8A001EC075 /* OrderState.swift */,
				A894E62A2A243D7A001EC075 /* CommodityState.swift */,
				A894E6282A243D67001EC075 /* EDUserOrderCell.swift */,
				A894E6262A243D43001EC075 /* EDUserOrderTableView.swift */,
				A894E66C2A245674001EC075 /* StringExtension.swift */,
				A894E6242A243D18001EC075 /* ExpressManagementViewController.swift */,
				A821CC352A2C5A12002B4D77 /* EDExpressDetailViewController.swift */,
				A821CC2C2A2C59C2002B4D77 /* EDExpressDestinationView.swift */,
				A821CC2E2A2C59DA002B4D77 /* EDExpressInfoView.swift */,
				A821CC292A2C587F002B4D77 /* EDUserExpressCell.swift */,
				A821CC272A2C57F3002B4D77 /* Express.swift */,
				A894E6222A243CFA001EC075 /* EDConfigSelectionView.swift */,
				A894E6202A243CDF001EC075 /* EDCommodityCell.swift */,
				A894E6752A24DB2C001EC075 /* TMDataConvert.swift */,
				A894E61E2A243CBA001EC075 /* EDCommodityEditingViewController.swift */,
				A894E6792A2608BB001EC075 /* ToastNotification.swift */,
				A894E66E2A248AFC001EC075 /* EDComConfigTableView.swift */,
				A894E61C2A243C97001EC075 /* CommodityManagementViewController.swift */,
				A894E61A2A243C60001EC075 /* TabViewController.swift */,
				A89C6CC92A074C0F00CC0ACA /* EDOrderDetailViewController.swift */,
				A894E6732A249D84001EC075 /* EDComConfigEditingViewController.swift */,
				A8FEE7792A07A5E2002BAA51 /* EDDeliViewController.swift */,
				A89C6CCB2A074CC800CC0ACA /* EDAddressCell.swift */,
				A821CC382A2C5A54002B4D77 /* EDTraceView.swift */,
				A8FE984229FE71FE00A1A2EF /* UIViewExtension.swift */,
				A821CC252A2C57AF002B4D77 /* testData.swift */,
				A8FE981B29FE5F9000A1A2EF /* Assets.xcassets */,
				A8FE982029FE5F9000A1A2EF /* Info.plist */,
			);
			path = EDMSAE;
			sourceTree = "<group>";
		};
		A8FE982829FE5F9000A1A2EF /* EDMSAETests */ = {
			isa = PBXGroup;
			children = (
				A8FE982929FE5F9000A1A2EF /* EDMSAETests.swift */,
			);
			path = EDMSAETests;
			sourceTree = "<group>";
		};
		A8FE983229FE5F9000A1A2EF /* EDMSAEUITests */ = {
			isa = PBXGroup;
			children = (
				A8FE983329FE5F9000A1A2EF /* EDMSAEUITests.swift */,
				A8FE983529FE5F9000A1A2EF /* EDMSAEUITestsLaunchTests.swift */,
			);
			path = EDMSAEUITests;
			sourceTree = "<group>";
		};
		F2744DDF48892F8B7D53FF3A /* Pods */ = {
			isa = PBXGroup;
			children = (
				01D77E1A18E0BB4C885D33E2 /* Pods-EDMSAE.debug.xcconfig */,
				A446F3E32552187F8FE9A3E1 /* Pods-EDMSAE.release.xcconfig */,
				39E5694E21ABFA842015DC25 /* Pods-EDMSAE-EDMSAEUITests.debug.xcconfig */,
				8011A2EE44AF7EA8CDF5033D /* Pods-EDMSAE-EDMSAEUITests.release.xcconfig */,
				2548459CE42CCEFFD46813D8 /* Pods-EDMSAETests.debug.xcconfig */,
				95626AE9371312CF28E73ADC /* Pods-EDMSAETests.release.xcconfig */,
			);
			path = Pods;
			sourceTree = "<group>";
		};
/* End PBXGroup section */

/* Begin PBXNativeTarget section */
		A8FE980E29FE5F8E00A1A2EF /* EDMSAE */ = {
			isa = PBXNativeTarget;
			buildConfigurationList = A8FE983929FE5F9000A1A2EF /* Build configuration list for PBXNativeTarget "EDMSAE" */;
			buildPhases = (
				C1FEE9A1A564DDC9E56CBF25 /* [CP] Check Pods Manifest.lock */,
				A8FE980B29FE5F8E00A1A2EF /* Sources */,
				A8FE980C29FE5F8E00A1A2EF /* Frameworks */,
				A8FE980D29FE5F8E00A1A2EF /* Resources */,
				FBC126F8DCDF96446D111310 /* [CP] Embed Pods Frameworks */,
			);
			buildRules = (
			);
			dependencies = (
			);
			name = EDMSAE;
			productName = EDMSAE;
			productReference = A8FE980F29FE5F8E00A1A2EF /* EDMSAE.app */;
			productType = "com.apple.product-type.application";
		};
		A8FE982429FE5F9000A1A2EF /* EDMSAETests */ = {
			isa = PBXNativeTarget;
			buildConfigurationList = A8FE983C29FE5F9000A1A2EF /* Build configuration list for PBXNativeTarget "EDMSAETests" */;
			buildPhases = (
				E6133F5958B07054DAB35F15 /* [CP] Check Pods Manifest.lock */,
				A8FE982129FE5F9000A1A2EF /* Sources */,
				A8FE982229FE5F9000A1A2EF /* Frameworks */,
				A8FE982329FE5F9000A1A2EF /* Resources */,
			);
			buildRules = (
			);
			dependencies = (
				A8FE982729FE5F9000A1A2EF /* PBXTargetDependency */,
			);
			name = EDMSAETests;
			productName = EDMSAETests;
			productReference = A8FE982529FE5F9000A1A2EF /* EDMSAETests.xctest */;
			productType = "com.apple.product-type.bundle.unit-test";
		};
		A8FE982E29FE5F9000A1A2EF /* EDMSAEUITests */ = {
			isa = PBXNativeTarget;
			buildConfigurationList = A8FE983F29FE5F9000A1A2EF /* Build configuration list for PBXNativeTarget "EDMSAEUITests" */;
			buildPhases = (
				BB73C4DBDDA99BFD3BD81284 /* [CP] Check Pods Manifest.lock */,
				A8FE982B29FE5F9000A1A2EF /* Sources */,
				A8FE982C29FE5F9000A1A2EF /* Frameworks */,
				A8FE982D29FE5F9000A1A2EF /* Resources */,
				3F6DF5E63ACFE78D4291CCCB /* [CP] Embed Pods Frameworks */,
			);
			buildRules = (
			);
			dependencies = (
				A8FE983129FE5F9000A1A2EF /* PBXTargetDependency */,
			);
			name = EDMSAEUITests;
			productName = EDMSAEUITests;
			productReference = A8FE982F29FE5F9000A1A2EF /* EDMSAEUITests.xctest */;
			productType = "com.apple.product-type.bundle.ui-testing";
		};
/* End PBXNativeTarget section */

/* Begin PBXProject section */
		A8FE980729FE5F8E00A1A2EF /* Project object */ = {
			isa = PBXProject;
			attributes = {
				BuildIndependentTargetsInParallel = 1;
				LastSwiftUpdateCheck = 1420;
				LastUpgradeCheck = 1420;
				TargetAttributes = {
					A8FE980E29FE5F8E00A1A2EF = {
						CreatedOnToolsVersion = 14.2;
					};
					A8FE982429FE5F9000A1A2EF = {
						CreatedOnToolsVersion = 14.2;
						TestTargetID = A8FE980E29FE5F8E00A1A2EF;
					};
					A8FE982E29FE5F9000A1A2EF = {
						CreatedOnToolsVersion = 14.2;
						TestTargetID = A8FE980E29FE5F8E00A1A2EF;
					};
				};
			};
			buildConfigurationList = A8FE980A29FE5F8E00A1A2EF /* Build configuration list for PBXProject "EDMSAE" */;
			compatibilityVersion = "Xcode 14.0";
			developmentRegion = en;
			hasScannedForEncodings = 0;
			knownRegions = (
				en,
				Base,
			);
			mainGroup = A8FE980629FE5F8E00A1A2EF;
			productRefGroup = A8FE981029FE5F8E00A1A2EF /* Products */;
			projectDirPath = "";
			projectRoot = "";
			targets = (
				A8FE980E29FE5F8E00A1A2EF /* EDMSAE */,
				A8FE982429FE5F9000A1A2EF /* EDMSAETests */,
				A8FE982E29FE5F9000A1A2EF /* EDMSAEUITests */,
			);
		};
/* End PBXProject section */

/* Begin PBXResourcesBuildPhase section */
		A8FE980D29FE5F8E00A1A2EF /* Resources */ = {
			isa = PBXResourcesBuildPhase;
			buildActionMask = 2147483647;
			files = (
				A8FE981C29FE5F9000A1A2EF /* Assets.xcassets in Resources */,
			);
			runOnlyForDeploymentPostprocessing = 0;
		};
		A8FE982329FE5F9000A1A2EF /* Resources */ = {
			isa = PBXResourcesBuildPhase;
			buildActionMask = 2147483647;
			files = (
			);
			runOnlyForDeploymentPostprocessing = 0;
		};
		A8FE982D29FE5F9000A1A2EF /* Resources */ = {
			isa = PBXResourcesBuildPhase;
			buildActionMask = 2147483647;
			files = (
			);
			runOnlyForDeploymentPostprocessing = 0;
		};
/* End PBXResourcesBuildPhase section */

/* Begin PBXShellScriptBuildPhase section */
		3F6DF5E63ACFE78D4291CCCB /* [CP] Embed Pods Frameworks */ = {
			isa = PBXShellScriptBuildPhase;
			buildActionMask = 2147483647;
			files = (
			);
			inputFileListPaths = (
				"${PODS_ROOT}/Target Support Files/Pods-EDMSAE-EDMSAEUITests/Pods-EDMSAE-EDMSAEUITests-frameworks-${CONFIGURATION}-input-files.xcfilelist",
			);
			name = "[CP] Embed Pods Frameworks";
			outputFileListPaths = (
				"${PODS_ROOT}/Target Support Files/Pods-EDMSAE-EDMSAEUITests/Pods-EDMSAE-EDMSAEUITests-frameworks-${CONFIGURATION}-output-files.xcfilelist",
			);
			runOnlyForDeploymentPostprocessing = 0;
			shellPath = /bin/sh;
			shellScript = "\"${PODS_ROOT}/Target Support Files/Pods-EDMSAE-EDMSAEUITests/Pods-EDMSAE-EDMSAEUITests-frameworks.sh\"\n";
			showEnvVarsInLog = 0;
		};
		BB73C4DBDDA99BFD3BD81284 /* [CP] Check Pods Manifest.lock */ = {
			isa = PBXShellScriptBuildPhase;
			buildActionMask = 2147483647;
			files = (
			);
			inputFileListPaths = (
			);
			inputPaths = (
				"${PODS_PODFILE_DIR_PATH}/Podfile.lock",
				"${PODS_ROOT}/Manifest.lock",
			);
			name = "[CP] Check Pods Manifest.lock";
			outputFileListPaths = (
			);
			outputPaths = (
				"$(DERIVED_FILE_DIR)/Pods-EDMSAE-EDMSAEUITests-checkManifestLockResult.txt",
			);
			runOnlyForDeploymentPostprocessing = 0;
			shellPath = /bin/sh;
			shellScript = "diff \"${PODS_PODFILE_DIR_PATH}/Podfile.lock\" \"${PODS_ROOT}/Manifest.lock\" > /dev/null\nif [ $? != 0 ] ; then\n    # print error to STDERR\n    echo \"error: The sandbox is not in sync with the Podfile.lock. Run 'pod install' or update your CocoaPods installation.\" >&2\n    exit 1\nfi\n# This output is used by Xcode 'outputs' to avoid re-running this script phase.\necho \"SUCCESS\" > \"${SCRIPT_OUTPUT_FILE_0}\"\n";
			showEnvVarsInLog = 0;
		};
		C1FEE9A1A564DDC9E56CBF25 /* [CP] Check Pods Manifest.lock */ = {
			isa = PBXShellScriptBuildPhase;
			buildActionMask = 2147483647;
			files = (
			);
			inputFileListPaths = (
			);
			inputPaths = (
				"${PODS_PODFILE_DIR_PATH}/Podfile.lock",
				"${PODS_ROOT}/Manifest.lock",
			);
			name = "[CP] Check Pods Manifest.lock";
			outputFileListPaths = (
			);
			outputPaths = (
				"$(DERIVED_FILE_DIR)/Pods-EDMSAE-checkManifestLockResult.txt",
			);
			runOnlyForDeploymentPostprocessing = 0;
			shellPath = /bin/sh;
			shellScript = "diff \"${PODS_PODFILE_DIR_PATH}/Podfile.lock\" \"${PODS_ROOT}/Manifest.lock\" > /dev/null\nif [ $? != 0 ] ; then\n    # print error to STDERR\n    echo \"error: The sandbox is not in sync with the Podfile.lock. Run 'pod install' or update your CocoaPods installation.\" >&2\n    exit 1\nfi\n# This output is used by Xcode 'outputs' to avoid re-running this script phase.\necho \"SUCCESS\" > \"${SCRIPT_OUTPUT_FILE_0}\"\n";
			showEnvVarsInLog = 0;
		};
		E6133F5958B07054DAB35F15 /* [CP] Check Pods Manifest.lock */ = {
			isa = PBXShellScriptBuildPhase;
			buildActionMask = 2147483647;
			files = (
			);
			inputFileListPaths = (
			);
			inputPaths = (
				"${PODS_PODFILE_DIR_PATH}/Podfile.lock",
				"${PODS_ROOT}/Manifest.lock",
			);
			name = "[CP] Check Pods Manifest.lock";
			outputFileListPaths = (
			);
			outputPaths = (
				"$(DERIVED_FILE_DIR)/Pods-EDMSAETests-checkManifestLockResult.txt",
			);
			runOnlyForDeploymentPostprocessing = 0;
			shellPath = /bin/sh;
			shellScript = "diff \"${PODS_PODFILE_DIR_PATH}/Podfile.lock\" \"${PODS_ROOT}/Manifest.lock\" > /dev/null\nif [ $? != 0 ] ; then\n    # print error to STDERR\n    echo \"error: The sandbox is not in sync with the Podfile.lock. Run 'pod install' or update your CocoaPods installation.\" >&2\n    exit 1\nfi\n# This output is used by Xcode 'outputs' to avoid re-running this script phase.\necho \"SUCCESS\" > \"${SCRIPT_OUTPUT_FILE_0}\"\n";
			showEnvVarsInLog = 0;
		};
		FBC126F8DCDF96446D111310 /* [CP] Embed Pods Frameworks */ = {
			isa = PBXShellScriptBuildPhase;
			buildActionMask = 2147483647;
			files = (
			);
			inputFileListPaths = (
				"${PODS_ROOT}/Target Support Files/Pods-EDMSAE/Pods-EDMSAE-frameworks-${CONFIGURATION}-input-files.xcfilelist",
			);
			name = "[CP] Embed Pods Frameworks";
			outputFileListPaths = (
				"${PODS_ROOT}/Target Support Files/Pods-EDMSAE/Pods-EDMSAE-frameworks-${CONFIGURATION}-output-files.xcfilelist",
			);
			runOnlyForDeploymentPostprocessing = 0;
			shellPath = /bin/sh;
			shellScript = "\"${PODS_ROOT}/Target Support Files/Pods-EDMSAE/Pods-EDMSAE-frameworks.sh\"\n";
			showEnvVarsInLog = 0;
		};
/* End PBXShellScriptBuildPhase section */

/* Begin PBXSourcesBuildPhase section */
		A8FE980B29FE5F8E00A1A2EF /* Sources */ = {
			isa = PBXSourcesBuildPhase;
			buildActionMask = 2147483647;
			files = (
				A894E66F2A248AFC001EC075 /* EDComConfigTableView.swift in Sources */,
				A894E6672A244028001EC075 /* TMSelectionView.swift in Sources */,
				A894E62D2A243D8A001EC075 /* OrderState.swift in Sources */,
				A894E65F2A243FD1001EC075 /* TMUDKeys.swift in Sources */,
				A894E61D2A243C97001EC075 /* CommodityManagementViewController.swift in Sources */,
				A894E6212A243CDF001EC075 /* EDCommodityCell.swift in Sources */,
				A894E6372A243DF5001EC075 /* AddressLavel.swift in Sources */,
				A894E6652A244017001EC075 /* TMSIgnInBtn.swift in Sources */,
				A821CC2F2A2C59DA002B4D77 /* EDExpressInfoView.swift in Sources */,
				A894E6762A24DB2C001EC075 /* TMDataConvert.swift in Sources */,
				A894E64B2A243EBF001EC075 /* User.swift in Sources */,
				A894E6252A243D18001EC075 /* ExpressManagementViewController.swift in Sources */,
				A894E6312A243DBB001EC075 /* EDBillingView.swift in Sources */,
				A894E6612A243FE5001EC075 /* TMServerViewConfig.swift in Sources */,
				A894E61B2A243C60001EC075 /* TabViewController.swift in Sources */,
				A821CC392A2C5A54002B4D77 /* EDTraceView.swift in Sources */,
				A894E6272A243D43001EC075 /* EDUserOrderTableView.swift in Sources */,
				A894E62B2A243D7A001EC075 /* CommodityState.swift in Sources */,
				A89C6CCA2A074C0F00CC0ACA /* EDOrderDetailViewController.swift in Sources */,
				A894E66D2A245674001EC075 /* StringExtension.swift in Sources */,
				A894E63D2A243E31001EC075 /* EDComBillingCell.swift in Sources */,
				A8FE981729FE5F8E00A1A2EF /* BillManagementViewController.swift in Sources */,
				A894E67A2A2608BB001EC075 /* ToastNotification.swift in Sources */,
				A894E6532A243F52001EC075 /* TMSignUpViewController.swift in Sources */,
				A894E66B2A24404E001EC075 /* TMTextFieldConfig.swift in Sources */,
				A894E6452A243E74001EC075 /* Sex.swift in Sources */,
				A894E6352A243DE8001EC075 /* District.swift in Sources */,
				A894E64D2A243EE5001EC075 /* EDUser.swift in Sources */,
				A894E63F2A243E43001EC075 /* Commodity.swift in Sources */,
				A821CC262A2C57AF002B4D77 /* testData.swift in Sources */,
				A894E6572A243F8E001EC075 /* EDCommodityRequest.swift in Sources */,
				A894E6512A243F2D001EC075 /* EDSignInViewController.swift in Sources */,
				A821CC362A2C5A12002B4D77 /* EDExpressDetailViewController.swift in Sources */,
				A894E61F2A243CBA001EC075 /* EDCommodityEditingViewController.swift in Sources */,
				A894E6292A243D67001EC075 /* EDUserOrderCell.swift in Sources */,
				A894E65B2A243FAF001EC075 /* TMSys.swift in Sources */,
				A894E6232A243CFA001EC075 /* EDConfigSelectionView.swift in Sources */,
				A821CC2A2A2C587F002B4D77 /* EDUserExpressCell.swift in Sources */,
				A821CC282A2C57F3002B4D77 /* Express.swift in Sources */,
				A894E62F2A243DA7001EC075 /* Order.swift in Sources */,
				A894E65D2A243FBD001EC075 /* TMPlayerRequest.swift in Sources */,
				A894E6332A243DD1001EC075 /* Address.swift in Sources */,
				A8FEE77A2A07A5E2002BAA51 /* EDDeliViewController.swift in Sources */,
				A894E6392A243E0C001EC075 /* Bill.swift in Sources */,
				A894E6432A243E67001EC075 /* ComCag.swift in Sources */,
				A894E64F2A243EFD001EC075 /* EDNetWork.swift in Sources */,
				A894E6782A259C12001EC075 /* EDOptionRequest.swift in Sources */,
				A894E6742A249D84001EC075 /* EDComConfigEditingViewController.swift in Sources */,
				A821CC2D2A2C59C2002B4D77 /* EDExpressDestinationView.swift in Sources */,
				A894E6552A243F5F001EC075 /* TMResetPasswordViewController.swift in Sources */,
				A894E6472A243E92001EC075 /* EDBillTableViewController.swift in Sources */,
				A894E6592A243FA0001EC075 /* EDOrderRequest.swift in Sources */,
				A894E6632A244004001EC075 /* TMServerView.swift in Sources */,
				A8FE981329FE5F8E00A1A2EF /* AppDelegate.swift in Sources */,
				A894E6712A248C3A001EC075 /* EDCommodityCofigTableViewController.swift in Sources */,
				A89C6CCC2A074CC800CC0ACA /* EDAddressCell.swift in Sources */,
				A8FE984329FE71FE00A1A2EF /* UIViewExtension.swift in Sources */,
				A894E63B2A243E18001EC075 /* Payment.swift in Sources */,
				A894E6412A243E56001EC075 /* Option.swift in Sources */,
				A894E6492A243EA6001EC075 /* EDViewController.swift in Sources */,
				A894E6692A24403F001EC075 /* TMTextField.swift in Sources */,
				A8FE981529FE5F8E00A1A2EF /* SceneDelegate.swift in Sources */,
			);
			runOnlyForDeploymentPostprocessing = 0;
		};
		A8FE982129FE5F9000A1A2EF /* Sources */ = {
			isa = PBXSourcesBuildPhase;
			buildActionMask = 2147483647;
			files = (
				A8FE982A29FE5F9000A1A2EF /* EDMSAETests.swift in Sources */,
			);
			runOnlyForDeploymentPostprocessing = 0;
		};
		A8FE982B29FE5F9000A1A2EF /* Sources */ = {
			isa = PBXSourcesBuildPhase;
			buildActionMask = 2147483647;
			files = (
				A8FE983429FE5F9000A1A2EF /* EDMSAEUITests.swift in Sources */,
				A8FE983629FE5F9000A1A2EF /* EDMSAEUITestsLaunchTests.swift in Sources */,
			);
			runOnlyForDeploymentPostprocessing = 0;
		};
/* End PBXSourcesBuildPhase section */

/* Begin PBXTargetDependency section */
		A8FE982729FE5F9000A1A2EF /* PBXTargetDependency */ = {
			isa = PBXTargetDependency;
			target = A8FE980E29FE5F8E00A1A2EF /* EDMSAE */;
			targetProxy = A8FE982629FE5F9000A1A2EF /* PBXContainerItemProxy */;
		};
		A8FE983129FE5F9000A1A2EF /* PBXTargetDependency */ = {
			isa = PBXTargetDependency;
			target = A8FE980E29FE5F8E00A1A2EF /* EDMSAE */;
			targetProxy = A8FE983029FE5F9000A1A2EF /* PBXContainerItemProxy */;
		};
/* End PBXTargetDependency section */

/* Begin XCBuildConfiguration section */
		A8FE983729FE5F9000A1A2EF /* Debug */ = {
			isa = XCBuildConfiguration;
			buildSettings = {
				ALWAYS_SEARCH_USER_PATHS = NO;
				CLANG_ANALYZER_NONNULL = YES;
				CLANG_ANALYZER_NUMBER_OBJECT_CONVERSION = YES_AGGRESSIVE;
				CLANG_CXX_LANGUAGE_STANDARD = "gnu++20";
				CLANG_ENABLE_MODULES = YES;
				CLANG_ENABLE_OBJC_ARC = YES;
				CLANG_ENABLE_OBJC_WEAK = YES;
				CLANG_WARN_BLOCK_CAPTURE_AUTORELEASING = YES;
				CLANG_WARN_BOOL_CONVERSION = YES;
				CLANG_WARN_COMMA = YES;
				CLANG_WARN_CONSTANT_CONVERSION = YES;
				CLANG_WARN_DEPRECATED_OBJC_IMPLEMENTATIONS = YES;
				CLANG_WARN_DIRECT_OBJC_ISA_USAGE = YES_ERROR;
				CLANG_WARN_DOCUMENTATION_COMMENTS = YES;
				CLANG_WARN_EMPTY_BODY = YES;
				CLANG_WARN_ENUM_CONVERSION = YES;
				CLANG_WARN_INFINITE_RECURSION = YES;
				CLANG_WARN_INT_CONVERSION = YES;
				CLANG_WARN_NON_LITERAL_NULL_CONVERSION = YES;
				CLANG_WARN_OBJC_IMPLICIT_RETAIN_SELF = YES;
				CLANG_WARN_OBJC_LITERAL_CONVERSION = YES;
				CLANG_WARN_OBJC_ROOT_CLASS = YES_ERROR;
				CLANG_WARN_QUOTED_INCLUDE_IN_FRAMEWORK_HEADER = YES;
				CLANG_WARN_RANGE_LOOP_ANALYSIS = YES;
				CLANG_WARN_STRICT_PROTOTYPES = YES;
				CLANG_WARN_SUSPICIOUS_MOVE = YES;
				CLANG_WARN_UNGUARDED_AVAILABILITY = YES_AGGRESSIVE;
				CLANG_WARN_UNREACHABLE_CODE = YES;
				CLANG_WARN__DUPLICATE_METHOD_MATCH = YES;
				COPY_PHASE_STRIP = NO;
				DEBUG_INFORMATION_FORMAT = dwarf;
				ENABLE_STRICT_OBJC_MSGSEND = YES;
				ENABLE_TESTABILITY = YES;
				GCC_C_LANGUAGE_STANDARD = gnu11;
				GCC_DYNAMIC_NO_PIC = NO;
				GCC_NO_COMMON_BLOCKS = YES;
				GCC_OPTIMIZATION_LEVEL = 0;
				GCC_PREPROCESSOR_DEFINITIONS = (
					"DEBUG=1",
					"$(inherited)",
				);
				GCC_WARN_64_TO_32_BIT_CONVERSION = YES;
				GCC_WARN_ABOUT_RETURN_TYPE = YES_ERROR;
				GCC_WARN_UNDECLARED_SELECTOR = YES;
				GCC_WARN_UNINITIALIZED_AUTOS = YES_AGGRESSIVE;
				GCC_WARN_UNUSED_FUNCTION = YES;
				GCC_WARN_UNUSED_VARIABLE = YES;
				IPHONEOS_DEPLOYMENT_TARGET = 16.2;
				MTL_ENABLE_DEBUG_INFO = INCLUDE_SOURCE;
				MTL_FAST_MATH = YES;
				ONLY_ACTIVE_ARCH = YES;
				SDKROOT = iphoneos;
				SWIFT_ACTIVE_COMPILATION_CONDITIONS = DEBUG;
				SWIFT_OPTIMIZATION_LEVEL = "-Onone";
			};
			name = Debug;
		};
		A8FE983829FE5F9000A1A2EF /* Release */ = {
			isa = XCBuildConfiguration;
			buildSettings = {
				ALWAYS_SEARCH_USER_PATHS = NO;
				CLANG_ANALYZER_NONNULL = YES;
				CLANG_ANALYZER_NUMBER_OBJECT_CONVERSION = YES_AGGRESSIVE;
				CLANG_CXX_LANGUAGE_STANDARD = "gnu++20";
				CLANG_ENABLE_MODULES = YES;
				CLANG_ENABLE_OBJC_ARC = YES;
				CLANG_ENABLE_OBJC_WEAK = YES;
				CLANG_WARN_BLOCK_CAPTURE_AUTORELEASING = YES;
				CLANG_WARN_BOOL_CONVERSION = YES;
				CLANG_WARN_COMMA = YES;
				CLANG_WARN_CONSTANT_CONVERSION = YES;
				CLANG_WARN_DEPRECATED_OBJC_IMPLEMENTATIONS = YES;
				CLANG_WARN_DIRECT_OBJC_ISA_USAGE = YES_ERROR;
				CLANG_WARN_DOCUMENTATION_COMMENTS = YES;
				CLANG_WARN_EMPTY_BODY = YES;
				CLANG_WARN_ENUM_CONVERSION = YES;
				CLANG_WARN_INFINITE_RECURSION = YES;
				CLANG_WARN_INT_CONVERSION = YES;
				CLANG_WARN_NON_LITERAL_NULL_CONVERSION = YES;
				CLANG_WARN_OBJC_IMPLICIT_RETAIN_SELF = YES;
				CLANG_WARN_OBJC_LITERAL_CONVERSION = YES;
				CLANG_WARN_OBJC_ROOT_CLASS = YES_ERROR;
				CLANG_WARN_QUOTED_INCLUDE_IN_FRAMEWORK_HEADER = YES;
				CLANG_WARN_RANGE_LOOP_ANALYSIS = YES;
				CLANG_WARN_STRICT_PROTOTYPES = YES;
				CLANG_WARN_SUSPICIOUS_MOVE = YES;
				CLANG_WARN_UNGUARDED_AVAILABILITY = YES_AGGRESSIVE;
				CLANG_WARN_UNREACHABLE_CODE = YES;
				CLANG_WARN__DUPLICATE_METHOD_MATCH = YES;
				COPY_PHASE_STRIP = NO;
				DEBUG_INFORMATION_FORMAT = "dwarf-with-dsym";
				ENABLE_NS_ASSERTIONS = NO;
				ENABLE_STRICT_OBJC_MSGSEND = YES;
				GCC_C_LANGUAGE_STANDARD = gnu11;
				GCC_NO_COMMON_BLOCKS = YES;
				GCC_WARN_64_TO_32_BIT_CONVERSION = YES;
				GCC_WARN_ABOUT_RETURN_TYPE = YES_ERROR;
				GCC_WARN_UNDECLARED_SELECTOR = YES;
				GCC_WARN_UNINITIALIZED_AUTOS = YES_AGGRESSIVE;
				GCC_WARN_UNUSED_FUNCTION = YES;
				GCC_WARN_UNUSED_VARIABLE = YES;
				IPHONEOS_DEPLOYMENT_TARGET = 16.2;
				MTL_ENABLE_DEBUG_INFO = NO;
				MTL_FAST_MATH = YES;
				SDKROOT = iphoneos;
				SWIFT_COMPILATION_MODE = wholemodule;
				SWIFT_OPTIMIZATION_LEVEL = "-O";
				VALIDATE_PRODUCT = YES;
			};
			name = Release;
		};
		A8FE983A29FE5F9000A1A2EF /* Debug */ = {
			isa = XCBuildConfiguration;
			baseConfigurationReference = 01D77E1A18E0BB4C885D33E2 /* Pods-EDMSAE.debug.xcconfig */;
			buildSettings = {
				ASSETCATALOG_COMPILER_APPICON_NAME = AppIcon;
				ASSETCATALOG_COMPILER_GLOBAL_ACCENT_COLOR_NAME = AccentColor;
				CODE_SIGN_STYLE = Automatic;
				CURRENT_PROJECT_VERSION = 1;
				DEVELOPMENT_TEAM = N4NMV97NG4;
				GENERATE_INFOPLIST_FILE = YES;
				INFOPLIST_FILE = EDMSAE/Info.plist;
				INFOPLIST_KEY_UIApplicationSupportsIndirectInputEvents = YES;
				INFOPLIST_KEY_UILaunchStoryboardName = LaunchScreen;
				INFOPLIST_KEY_UISupportedInterfaceOrientations_iPad = "UIInterfaceOrientationPortrait UIInterfaceOrientationPortraitUpsideDown UIInterfaceOrientationLandscapeLeft UIInterfaceOrientationLandscapeRight";
				INFOPLIST_KEY_UISupportedInterfaceOrientations_iPhone = "UIInterfaceOrientationPortrait UIInterfaceOrientationLandscapeLeft UIInterfaceOrientationLandscapeRight";
				LD_RUNPATH_SEARCH_PATHS = (
					"$(inherited)",
					"@executable_path/Frameworks",
				);
				MARKETING_VERSION = 1.0;
				PRODUCT_BUNDLE_IDENTIFIER = JasonZhang.EDMSAE;
				PRODUCT_NAME = "$(TARGET_NAME)";
				SWIFT_EMIT_LOC_STRINGS = YES;
				SWIFT_VERSION = 5.0;
				TARGETED_DEVICE_FAMILY = "1,2";
			};
			name = Debug;
		};
		A8FE983B29FE5F9000A1A2EF /* Release */ = {
			isa = XCBuildConfiguration;
			baseConfigurationReference = A446F3E32552187F8FE9A3E1 /* Pods-EDMSAE.release.xcconfig */;
			buildSettings = {
				ASSETCATALOG_COMPILER_APPICON_NAME = AppIcon;
				ASSETCATALOG_COMPILER_GLOBAL_ACCENT_COLOR_NAME = AccentColor;
				CODE_SIGN_STYLE = Automatic;
				CURRENT_PROJECT_VERSION = 1;
				DEVELOPMENT_TEAM = N4NMV97NG4;
				GENERATE_INFOPLIST_FILE = YES;
				INFOPLIST_FILE = EDMSAE/Info.plist;
				INFOPLIST_KEY_UIApplicationSupportsIndirectInputEvents = YES;
				INFOPLIST_KEY_UILaunchStoryboardName = LaunchScreen;
				INFOPLIST_KEY_UISupportedInterfaceOrientations_iPad = "UIInterfaceOrientationPortrait UIInterfaceOrientationPortraitUpsideDown UIInterfaceOrientationLandscapeLeft UIInterfaceOrientationLandscapeRight";
				INFOPLIST_KEY_UISupportedInterfaceOrientations_iPhone = "UIInterfaceOrientationPortrait UIInterfaceOrientationLandscapeLeft UIInterfaceOrientationLandscapeRight";
				LD_RUNPATH_SEARCH_PATHS = (
					"$(inherited)",
					"@executable_path/Frameworks",
				);
				MARKETING_VERSION = 1.0;
				PRODUCT_BUNDLE_IDENTIFIER = JasonZhang.EDMSAE;
				PRODUCT_NAME = "$(TARGET_NAME)";
				SWIFT_EMIT_LOC_STRINGS = YES;
				SWIFT_VERSION = 5.0;
				TARGETED_DEVICE_FAMILY = "1,2";
			};
			name = Release;
		};
		A8FE983D29FE5F9000A1A2EF /* Debug */ = {
			isa = XCBuildConfiguration;
			baseConfigurationReference = 2548459CE42CCEFFD46813D8 /* Pods-EDMSAETests.debug.xcconfig */;
			buildSettings = {
				ALWAYS_EMBED_SWIFT_STANDARD_LIBRARIES = YES;
				BUNDLE_LOADER = "$(TEST_HOST)";
				CODE_SIGN_STYLE = Automatic;
				CURRENT_PROJECT_VERSION = 1;
				DEVELOPMENT_TEAM = N4NMV97NG4;
				GENERATE_INFOPLIST_FILE = YES;
				IPHONEOS_DEPLOYMENT_TARGET = 16.2;
				MARKETING_VERSION = 1.0;
				PRODUCT_BUNDLE_IDENTIFIER = JasonZhang.EDMSAETests;
				PRODUCT_NAME = "$(TARGET_NAME)";
				SWIFT_EMIT_LOC_STRINGS = NO;
				SWIFT_VERSION = 5.0;
				TARGETED_DEVICE_FAMILY = "1,2";
				TEST_HOST = "$(BUILT_PRODUCTS_DIR)/EDMSAE.app/$(BUNDLE_EXECUTABLE_FOLDER_PATH)/EDMSAE";
			};
			name = Debug;
		};
		A8FE983E29FE5F9000A1A2EF /* Release */ = {
			isa = XCBuildConfiguration;
			baseConfigurationReference = 95626AE9371312CF28E73ADC /* Pods-EDMSAETests.release.xcconfig */;
			buildSettings = {
				ALWAYS_EMBED_SWIFT_STANDARD_LIBRARIES = YES;
				BUNDLE_LOADER = "$(TEST_HOST)";
				CODE_SIGN_STYLE = Automatic;
				CURRENT_PROJECT_VERSION = 1;
				DEVELOPMENT_TEAM = N4NMV97NG4;
				GENERATE_INFOPLIST_FILE = YES;
				IPHONEOS_DEPLOYMENT_TARGET = 16.2;
				MARKETING_VERSION = 1.0;
				PRODUCT_BUNDLE_IDENTIFIER = JasonZhang.EDMSAETests;
				PRODUCT_NAME = "$(TARGET_NAME)";
				SWIFT_EMIT_LOC_STRINGS = NO;
				SWIFT_VERSION = 5.0;
				TARGETED_DEVICE_FAMILY = "1,2";
				TEST_HOST = "$(BUILT_PRODUCTS_DIR)/EDMSAE.app/$(BUNDLE_EXECUTABLE_FOLDER_PATH)/EDMSAE";
			};
			name = Release;
		};
		A8FE984029FE5F9000A1A2EF /* Debug */ = {
			isa = XCBuildConfiguration;
			baseConfigurationReference = 39E5694E21ABFA842015DC25 /* Pods-EDMSAE-EDMSAEUITests.debug.xcconfig */;
			buildSettings = {
				ALWAYS_EMBED_SWIFT_STANDARD_LIBRARIES = YES;
				CODE_SIGN_STYLE = Automatic;
				CURRENT_PROJECT_VERSION = 1;
				DEVELOPMENT_TEAM = N4NMV97NG4;
				GENERATE_INFOPLIST_FILE = YES;
				MARKETING_VERSION = 1.0;
				PRODUCT_BUNDLE_IDENTIFIER = JasonZhang.EDMSAEUITests;
				PRODUCT_NAME = "$(TARGET_NAME)";
				SWIFT_EMIT_LOC_STRINGS = NO;
				SWIFT_VERSION = 5.0;
				TARGETED_DEVICE_FAMILY = "1,2";
				TEST_TARGET_NAME = EDMSAE;
			};
			name = Debug;
		};
		A8FE984129FE5F9000A1A2EF /* Release */ = {
			isa = XCBuildConfiguration;
			baseConfigurationReference = 8011A2EE44AF7EA8CDF5033D /* Pods-EDMSAE-EDMSAEUITests.release.xcconfig */;
			buildSettings = {
				ALWAYS_EMBED_SWIFT_STANDARD_LIBRARIES = YES;
				CODE_SIGN_STYLE = Automatic;
				CURRENT_PROJECT_VERSION = 1;
				DEVELOPMENT_TEAM = N4NMV97NG4;
				GENERATE_INFOPLIST_FILE = YES;
				MARKETING_VERSION = 1.0;
				PRODUCT_BUNDLE_IDENTIFIER = JasonZhang.EDMSAEUITests;
				PRODUCT_NAME = "$(TARGET_NAME)";
				SWIFT_EMIT_LOC_STRINGS = NO;
				SWIFT_VERSION = 5.0;
				TARGETED_DEVICE_FAMILY = "1,2";
				TEST_TARGET_NAME = EDMSAE;
			};
			name = Release;
		};
/* End XCBuildConfiguration section */

/* Begin XCConfigurationList section */
		A8FE980A29FE5F8E00A1A2EF /* Build configuration list for PBXProject "EDMSAE" */ = {
			isa = XCConfigurationList;
			buildConfigurations = (
				A8FE983729FE5F9000A1A2EF /* Debug */,
				A8FE983829FE5F9000A1A2EF /* Release */,
			);
			defaultConfigurationIsVisible = 0;
			defaultConfigurationName = Release;
		};
		A8FE983929FE5F9000A1A2EF /* Build configuration list for PBXNativeTarget "EDMSAE" */ = {
			isa = XCConfigurationList;
			buildConfigurations = (
				A8FE983A29FE5F9000A1A2EF /* Debug */,
				A8FE983B29FE5F9000A1A2EF /* Release */,
			);
			defaultConfigurationIsVisible = 0;
			defaultConfigurationName = Release;
		};
		A8FE983C29FE5F9000A1A2EF /* Build configuration list for PBXNativeTarget "EDMSAETests" */ = {
			isa = XCConfigurationList;
			buildConfigurations = (
				A8FE983D29FE5F9000A1A2EF /* Debug */,
				A8FE983E29FE5F9000A1A2EF /* Release */,
			);
			defaultConfigurationIsVisible = 0;
			defaultConfigurationName = Release;
		};
		A8FE983F29FE5F9000A1A2EF /* Build configuration list for PBXNativeTarget "EDMSAEUITests" */ = {
			isa = XCConfigurationList;
			buildConfigurations = (
				A8FE984029FE5F9000A1A2EF /* Debug */,
				A8FE984129FE5F9000A1A2EF /* Release */,
			);
			defaultConfigurationIsVisible = 0;
			defaultConfigurationName = Release;
		};
/* End XCConfigurationList section */
	};
	rootObject = A8FE980729FE5F8E00A1A2EF /* Project object */;
}
